
Microsoft Visual Studio Solution File, Format Version 12.00
# Visual Studio Version 16
VisualStudioVersion = 16.0.32126.315
MinimumVisualStudioVersion = 10.0.40219.1
Project("{FAE04EC0-301F-11D3-BF4B-00C04F79EFBC}") = "Projeto4", "Projeto4\Projeto4.csproj", "{E513BEAA-6566-4B6A-A1F1-2AA3CB35E0D3}"
EndProject
Global
	GlobalSection(SolutionConfigurationPlatforms) = preSolution
		Debug|Any CPU = Debug|Any CPU
		Release|Any CPU = Release|Any CPU
	EndGlobalSection
	GlobalSection(ProjectConfigurationPlatforms) = postSolution
		{E513BEAA-6566-4B6A-A1F1-2AA3CB35E0D3}.Debug|Any CPU.ActiveCfg = Debug|Any CPU
		{E513BEAA-6566-4B6A-A1F1-2AA3CB35E0D3}.Debug|Any CPU.Build.0 = Debug|Any CPU
		{E513BEAA-6566-4B6A-A1F1-2AA3CB35E0D3}.Release|Any CPU.ActiveCfg = Release|Any CPU
		{E513BEAA-6566-4B6A-A1F1-2AA3CB35E0D3}.Release|Any CPU.Build.0 = Release|Any CPU
	EndGlobalSection
	GlobalSection(SolutionProperties) = preSolution
		HideSolutionNode = FALSE
	EndGlobalSection
	GlobalSection(ExtensibilityGlobals) = postSolution
		SolutionGuid = {E381BA91-9FE5-4E26-BB93-0CC1E4F1D08C}
	EndGlobalSection
EndGlobal
